
Microsoft Visual Studio Solution File, Format Version 12.00
# Visual Studio 15
VisualStudioVersion = 15.0.27130.2020
MinimumVisualStudioVersion = 10.0.40219.1
Project("{FAE04EC0-301F-11D3-BF4B-00C04F79EFBC}") = "MyFunctionApp", "MyFunctionApp\MyFunctionApp.csproj", "{5CC5ADE4-23AA-4D0C-9FE0-BBBF9E730EDD}"
EndProject
Global
	GlobalSection(SolutionConfigurationPlatforms) = preSolution
		Debug|Any CPU = Debug|Any CPU
		Release|Any CPU = Release|Any CPU
	EndGlobalSection
	GlobalSection(ProjectConfigurationPlatforms) = postSolution
		{5CC5ADE4-23AA-4D0C-9FE0-BBBF9E730EDD}.Debug|Any CPU.ActiveCfg = Debug|Any CPU
		{5CC5ADE4-23AA-4D0C-9FE0-BBBF9E730EDD}.Debug|Any CPU.Build.0 = Debug|Any CPU
		{5CC5ADE4-23AA-4D0C-9FE0-BBBF9E730EDD}.Release|Any CPU.ActiveCfg = Release|Any CPU
		{5CC5ADE4-23AA-4D0C-9FE0-BBBF9E730EDD}.Release|Any CPU.Build.0 = Release|Any CPU
	EndGlobalSection
	GlobalSection(SolutionProperties) = preSolution
		HideSolutionNode = FALSE
	EndGlobalSection
	GlobalSection(ExtensibilityGlobals) = postSolution
		SolutionGuid = {D93AAE70-2CEA-495F-BAE2-DFC4FEA09FA6}
	EndGlobalSection
EndGlobal
